{
  "name": "beatattoos",
  "lockfileVersion": 3,
  "requires": true,
  "packages": {
    "": {
      "dependencies": {
        "react": "^19.0.0-rc-100dfd7dab-20240701",
        "react-dom": "^19.0.0-rc-100dfd7dab-20240701"
      }
    },
    "node_modules/react": {
      "version": "19.0.0-rc-100dfd7dab-20240701",
      "resolved": "https://registry.npmjs.org/react/-/react-19.0.0-rc-100dfd7dab-20240701.tgz",
      "integrity": "sha512-qy+1N8lIy1TC1Tj5yhOW4EaRqVWHCtO94OjhxJYjTa6/lwn+ZI49D3Xk4RkdZyWDgclUK8HAALxhsgiHibowMQ==",
      "engines": {
        "node": ">=0.10.0"
      }
    },
    "node_modules/react-dom": {
      "version": "19.0.0-rc-100dfd7dab-20240701",
      "resolved": "https://registry.npmjs.org/react-dom/-/react-dom-19.0.0-rc-100dfd7dab-20240701.tgz",
      "integrity": "sha512-1VQkUQegr8ejWp6YANC6HAtS5L12Ym6cAFlPOOFvaY0tgfOf37dduR3iynsyRkxfEQi42D1HwTEyBi03KxuLOQ==",
      "dependencies": {
        "scheduler": "0.25.0-rc-100dfd7dab-20240701"
      },
      "peerDependencies": {
        "react": "19.0.0-rc-100dfd7dab-20240701"
      }
    },
    "node_modules/scheduler": {
      "version": "0.25.0-rc-100dfd7dab-20240701",
      "resolved": "https://registry.npmjs.org/scheduler/-/scheduler-0.25.0-rc-100dfd7dab-20240701.tgz",
      "integrity": "sha512-aEBSd2lcLFsvlbWbwGXpttfGyMfyJjSvQ13o3kiSeCduKa8WlW5Go0b8c8hQ+p6CHLeXKWnKL+TC/vjbyFqSCw=="
    }
  }
}
